
Microsoft Visual Studio Solution File, Format Version 12.00
# Visual Studio 2012
Project("{FAE04EC0-301F-11D3-BF4B-00C04F79EFBC}") = "StreamingXMLSerializer", "StreamingXMLSerializer\StreamingXMLSerializer.csproj", "{DAFA0C50-91EC-47CD-829D-F498F42935F7}"
EndProject
Project("{FAE04EC0-301F-11D3-BF4B-00C04F79EFBC}") = "Test", "Test\Test.csproj", "{5DA8301E-2ABF-4937-9962-2AF2827E58AF}"
EndProject
Global
	GlobalSection(SolutionConfigurationPlatforms) = preSolution
		Debug|Any CPU = Debug|Any CPU
		Release|Any CPU = Release|Any CPU
	EndGlobalSection
	GlobalSection(ProjectConfigurationPlatforms) = postSolution
		{DAFA0C50-91EC-47CD-829D-F498F42935F7}.Debug|Any CPU.ActiveCfg = Debug|Any CPU
		{DAFA0C50-91EC-47CD-829D-F498F42935F7}.Debug|Any CPU.Build.0 = Debug|Any CPU
		{DAFA0C50-91EC-47CD-829D-F498F42935F7}.Release|Any CPU.ActiveCfg = Release|Any CPU
		{DAFA0C50-91EC-47CD-829D-F498F42935F7}.Release|Any CPU.Build.0 = Release|Any CPU
		{5DA8301E-2ABF-4937-9962-2AF2827E58AF}.Debug|Any CPU.ActiveCfg = Debug|Any CPU
		{5DA8301E-2ABF-4937-9962-2AF2827E58AF}.Debug|Any CPU.Build.0 = Debug|Any CPU
		{5DA8301E-2ABF-4937-9962-2AF2827E58AF}.Release|Any CPU.ActiveCfg = Release|Any CPU
		{5DA8301E-2ABF-4937-9962-2AF2827E58AF}.Release|Any CPU.Build.0 = Release|Any CPU
	EndGlobalSection
	GlobalSection(SolutionProperties) = preSolution
		HideSolutionNode = FALSE
	EndGlobalSection
EndGlobal
